
Microsoft Visual Studio Solution File, Format Version 12.00
Project("{FAE04EC0-301F-11D3-BF4B-00C04F79EFBC}") = "MsTest.Tests", "MsTest.Tests\MsTest.Tests.csproj", "{03B226B9-1668-4429-8796-E0FE9E3A825E}"
EndProject
Project("{FAE04EC0-301F-11D3-BF4B-00C04F79EFBC}") = "MsTest", "MsTest\MsTest.csproj", "{6F06D08C-37E0-4965-9215-2B2E7B4971AD}"
EndProject
Global
	GlobalSection(SolutionConfigurationPlatforms) = preSolution
		Debug|Any CPU = Debug|Any CPU
		Release|Any CPU = Release|Any CPU
	EndGlobalSection
	GlobalSection(ProjectConfigurationPlatforms) = postSolution
		{03B226B9-1668-4429-8796-E0FE9E3A825E}.Debug|Any CPU.ActiveCfg = Debug|Any CPU
		{03B226B9-1668-4429-8796-E0FE9E3A825E}.Debug|Any CPU.Build.0 = Debug|Any CPU
		{03B226B9-1668-4429-8796-E0FE9E3A825E}.Release|Any CPU.ActiveCfg = Release|Any CPU
		{03B226B9-1668-4429-8796-E0FE9E3A825E}.Release|Any CPU.Build.0 = Release|Any CPU
		{6F06D08C-37E0-4965-9215-2B2E7B4971AD}.Debug|Any CPU.ActiveCfg = Debug|Any CPU
		{6F06D08C-37E0-4965-9215-2B2E7B4971AD}.Debug|Any CPU.Build.0 = Debug|Any CPU
		{6F06D08C-37E0-4965-9215-2B2E7B4971AD}.Release|Any CPU.ActiveCfg = Release|Any CPU
		{6F06D08C-37E0-4965-9215-2B2E7B4971AD}.Release|Any CPU.Build.0 = Release|Any CPU
	EndGlobalSection
EndGlobal
